{
  "version": 4,
  "terraform_version": "1.6.0",
  "serial": 48,
  "lineage": "8977dcc4-38a4-471a-97fe-39c40d86ebc1",
  "outputs": {},
  "resources": [
    {
      "module": "module.ses",
      "mode": "managed",
      "type": "aws_iam_policy",
      "name": "ses_publish_policy",
      "provider": "provider[\"registry.terraform.io/hashicorp/aws\"]",
      "instances": [
        {
          "schema_version": 0,
          "attributes": {
            "arn": "arn:aws:iam::838268133474:policy/ses-publish-policy",
            "description": "SES Publish Policy",
            "id": "arn:aws:iam::838268133474:policy/ses-publish-policy",
            "name": "ses-publish-policy",
            "name_prefix": "",
            "path": "/",
            "policy": "{\"Statement\":[{\"Action\":[\"ses:SendRawEmail\",\"ses:SendEmail\"],\"Effect\":\"Allow\",\"Resource\":\"*\"}],\"Version\":\"2012-10-17\"}",
            "policy_id": "ANPA4GLFMUBRLPKQHPGQM",
            "tags": {},
            "tags_all": {}
          },
          "sensitive_attributes": [],
          "private": "bnVsbA=="
        }
      ]
    },
    {
      "module": "module.ses",
      "mode": "managed",
      "type": "aws_iam_role",
      "name": "ses_role",
      "provider": "provider[\"registry.terraform.io/hashicorp/aws\"]",
      "instances": [
        {
          "schema_version": 0,
          "attributes": {
            "arn": "arn:aws:iam::838268133474:role/ses-role",
            "assume_role_policy": "{\"Statement\":[{\"Action\":\"sts:AssumeRole\",\"Effect\":\"Allow\",\"Principal\":{\"Service\":\"ses.amazonaws.com\"}}],\"Version\":\"2012-10-17\"}",
            "create_date": "2023-10-19T17:32:59Z",
            "description": "",
            "force_detach_policies": false,
            "id": "ses-role",
            "inline_policy": [],
            "managed_policy_arns": [
              "arn:aws:iam::838268133474:policy/ses-publish-policy"
            ],
            "max_session_duration": 3600,
            "name": "ses-role",
            "name_prefix": "",
            "path": "/",
            "permissions_boundary": null,
            "tags": {},
            "tags_all": {},
            "unique_id": "AROA4GLFMUBRIWSLY5FE4"
          },
          "sensitive_attributes": [],
          "private": "bnVsbA=="
        }
      ]
    },
    {
      "module": "module.ses",
      "mode": "managed",
      "type": "aws_iam_role_policy_attachment",
      "name": "ses_attach",
      "provider": "provider[\"registry.terraform.io/hashicorp/aws\"]",
      "instances": [
        {
          "schema_version": 0,
          "attributes": {
            "id": "ses-role-20231019173300445800000002",
            "policy_arn": "arn:aws:iam::838268133474:policy/ses-publish-policy",
            "role": "ses-role"
          },
          "sensitive_attributes": [],
          "private": "bnVsbA==",
          "dependencies": [
            "module.ses.aws_iam_policy.ses_publish_policy",
            "module.ses.aws_iam_role.ses_role"
          ]
        }
      ]
    },
    {
      "module": "module.ses",
      "mode": "managed",
      "type": "aws_route53_record",
      "name": "example_amazonses_verification_record",
      "provider": "provider[\"registry.terraform.io/hashicorp/aws\"]",
      "instances": [
        {
          "schema_version": 2,
          "attributes": {
            "alias": [],
            "allow_overwrite": null,
            "cidr_routing_policy": [],
            "failover_routing_policy": [],
            "fqdn": "_amazonses.example.com.myexample2.com",
            "geolocation_routing_policy": [],
            "health_check_id": "",
            "id": "Z00405901FC64BE1IYXLC__amazonses.example.com_TXT",
            "latency_routing_policy": [],
            "multivalue_answer_routing_policy": false,
            "name": "_amazonses.example.com",
            "records": [
              "IW57d24QqnF2GyB3bT7cVYUdz2mu9goEL31bERCwD/4="
            ],
            "set_identifier": "",
            "ttl": 600,
            "type": "TXT",
            "weighted_routing_policy": [],
            "zone_id": "Z00405901FC64BE1IYXLC"
          },
          "sensitive_attributes": [],
          "private": "eyJzY2hlbWFfdmVyc2lvbiI6IjIifQ==",
          "dependencies": [
            "module.ses.aws_route53_zone.dev",
            "module.ses.aws_ses_domain_identity.example"
          ]
        }
      ]
    },
    {
      "module": "module.ses",
      "mode": "managed",
      "type": "aws_route53_zone",
      "name": "dev",
      "provider": "provider[\"registry.terraform.io/hashicorp/aws\"]",
      "instances": [
        {
          "schema_version": 0,
          "attributes": {
            "arn": "arn:aws:route53:::hostedzone/Z00405901FC64BE1IYXLC",
            "comment": "Managed by Terraform",
            "delegation_set_id": "",
            "force_destroy": false,
            "id": "Z00405901FC64BE1IYXLC",
            "name": "myexample2.com",
            "name_servers": [
              "ns-1111.awsdns-10.org",
              "ns-2046.awsdns-63.co.uk",
              "ns-233.awsdns-29.com",
              "ns-747.awsdns-29.net"
            ],
            "primary_name_server": "ns-2046.awsdns-63.co.uk",
            "tags": {
              "Environment": "dev"
            },
            "tags_all": {
              "Environment": "dev"
            },
            "vpc": [],
            "zone_id": "Z00405901FC64BE1IYXLC"
          },
          "sensitive_attributes": [],
          "private": "bnVsbA=="
        }
      ]
    },
    {
      "module": "module.ses",
      "mode": "managed",
      "type": "aws_ses_configuration_set",
      "name": "example",
      "provider": "provider[\"registry.terraform.io/hashicorp/aws\"]",
      "instances": [
        {
          "schema_version": 0,
          "attributes": {
            "arn": "arn:aws:ses:us-east-1:838268133474:configuration-set/my-configuration",
            "delivery_options": [],
            "id": "my-configuration",
            "last_fresh_start": "0001-01-01T00:00:00Z",
            "name": "my-configuration",
            "reputation_metrics_enabled": false,
            "sending_enabled": true,
            "tracking_options": []
          },
          "sensitive_attributes": [],
          "private": "bnVsbA=="
        }
      ]
    },
    {
      "module": "module.ses",
      "mode": "managed",
      "type": "aws_ses_domain_dkim",
      "name": "example",
      "provider": "provider[\"registry.terraform.io/hashicorp/aws\"]",
      "instances": [
        {
          "schema_version": 0,
          "attributes": {
            "dkim_tokens": [
              "o4cx3p2idu3k7kzjokh3hhcruvx36mvt",
              "licmbbfshcpnrijgvoanahkzo3db4ekp",
              "jynqkn5j3gepoxmnt3na5yzklnwpldzi"
            ],
            "domain": "example.com",
            "id": "example.com"
          },
          "sensitive_attributes": [],
          "private": "bnVsbA==",
          "dependencies": [
            "module.ses.aws_ses_domain_identity.ses_domain"
          ]
        }
      ]
    },
    {
      "module": "module.ses",
      "mode": "managed",
      "type": "aws_ses_domain_identity",
      "name": "example",
      "provider": "provider[\"registry.terraform.io/hashicorp/aws\"]",
      "instances": [
        {
          "schema_version": 0,
          "attributes": {
            "arn": "arn:aws:ses:us-east-1:838268133474:identity/example.com",
            "domain": "example.com",
            "id": "example.com",
            "verification_token": "IW57d24QqnF2GyB3bT7cVYUdz2mu9goEL31bERCwD/4="
          },
          "sensitive_attributes": [],
          "private": "bnVsbA=="
        }
      ]
    },
    {
      "module": "module.ses",
      "mode": "managed",
      "type": "aws_ses_domain_identity",
      "name": "ses_domain",
      "provider": "provider[\"registry.terraform.io/hashicorp/aws\"]",
      "instances": [
        {
          "schema_version": 0,
          "attributes": {
            "arn": "arn:aws:ses:us-east-1:838268133474:identity/example.com",
            "domain": "example.com",
            "id": "example.com",
            "verification_token": "IW57d24QqnF2GyB3bT7cVYUdz2mu9goEL31bERCwD/4="
          },
          "sensitive_attributes": [],
          "private": "bnVsbA=="
        }
      ]
    },
    {
      "module": "module.ses",
      "mode": "managed",
      "type": "aws_ses_domain_mail_from",
      "name": "example",
      "provider": "provider[\"registry.terraform.io/hashicorp/aws\"]",
      "instances": [
        {
          "schema_version": 0,
          "attributes": {
            "behavior_on_mx_failure": "UseDefaultValue",
            "domain": "example.com",
            "id": "example.com",
            "mail_from_domain": "bounce.example.com"
          },
          "sensitive_attributes": [],
          "private": "bnVsbA==",
          "dependencies": [
            "module.ses.aws_ses_domain_identity.example",
            "module.ses.aws_ses_domain_identity.ses_domain"
          ]
        }
      ]
    },
    {
      "module": "module.ses",
      "mode": "managed",
      "type": "aws_ses_event_destination",
      "name": "example",
      "provider": "provider[\"registry.terraform.io/hashicorp/aws\"]",
      "instances": [
        {
          "schema_version": 0,
          "attributes": {
            "arn": "arn:aws:ses:us-east-1:838268133474:configuration-set/my-configuration:event-destination/example",
            "cloudwatch_destination": [],
            "configuration_set_name": "my-configuration",
            "enabled": true,
            "id": "example",
            "kinesis_destination": [],
            "matching_types": [
              "bounce",
              "send"
            ],
            "name": "example",
            "sns_destination": [
              {
                "topic_arn": "arn:aws:sns:us-east-1:838268133474:my-sns-topic"
              }
            ]
          },
          "sensitive_attributes": [],
          "private": "bnVsbA==",
          "dependencies": [
            "module.ses.aws_ses_configuration_set.example",
            "module.ses.aws_sns_topic.my_sns"
          ]
        }
      ]
    },
    {
      "module": "module.ses",
      "mode": "managed",
      "type": "aws_ses_identity_notification_topic",
      "name": "example",
      "provider": "provider[\"registry.terraform.io/hashicorp/aws\"]",
      "instances": [
        {
          "schema_version": 0,
          "attributes": {
            "id": "example.com|Bounce",
            "identity": "example.com",
            "include_original_headers": true,
            "notification_type": "Bounce",
            "topic_arn": "arn:aws:sns:us-east-1:838268133474:my-sns-topic"
          },
          "sensitive_attributes": [],
          "private": "bnVsbA==",
          "dependencies": [
            "module.ses.aws_ses_domain_identity.ses_domain",
            "module.ses.aws_sns_topic.my_sns"
          ]
        }
      ]
    },
    {
      "module": "module.ses",
      "mode": "managed",
      "type": "aws_sns_topic",
      "name": "my_sns",
      "provider": "provider[\"registry.terraform.io/hashicorp/aws\"]",
      "instances": [
        {
          "schema_version": 0,
          "attributes": {
            "application_failure_feedback_role_arn": "",
            "application_success_feedback_role_arn": "",
            "application_success_feedback_sample_rate": 0,
            "arn": "arn:aws:sns:us-east-1:838268133474:my-sns-topic",
            "content_based_deduplication": false,
            "delivery_policy": "",
            "display_name": "",
            "fifo_topic": false,
            "firehose_failure_feedback_role_arn": "",
            "firehose_success_feedback_role_arn": "",
            "firehose_success_feedback_sample_rate": 0,
            "http_failure_feedback_role_arn": "",
            "http_success_feedback_role_arn": "",
            "http_success_feedback_sample_rate": 0,
            "id": "arn:aws:sns:us-east-1:838268133474:my-sns-topic",
            "kms_master_key_id": "",
            "lambda_failure_feedback_role_arn": "",
            "lambda_success_feedback_role_arn": "",
            "lambda_success_feedback_sample_rate": 0,
            "name": "my-sns-topic",
            "name_prefix": "",
            "owner": "838268133474",
            "policy": "{\"Id\":\"__default_policy_ID\",\"Statement\":[{\"Action\":[\"SNS:GetTopicAttributes\",\"SNS:SetTopicAttributes\",\"SNS:AddPermission\",\"SNS:RemovePermission\",\"SNS:DeleteTopic\",\"SNS:Subscribe\",\"SNS:ListSubscriptionsByTopic\",\"SNS:Publish\"],\"Condition\":{\"StringEquals\":{\"AWS:SourceOwner\":\"838268133474\"}},\"Effect\":\"Allow\",\"Principal\":{\"AWS\":\"*\"},\"Resource\":\"arn:aws:sns:us-east-1:838268133474:my-sns-topic\",\"Sid\":\"__default_statement_ID\"}],\"Version\":\"2008-10-17\"}",
            "signature_version": 0,
            "sqs_failure_feedback_role_arn": "",
            "sqs_success_feedback_role_arn": "",
            "sqs_success_feedback_sample_rate": 0,
            "tags": {},
            "tags_all": {},
            "tracing_config": ""
          },
          "sensitive_attributes": [],
          "private": "bnVsbA=="
        }
      ]
    }
  ],
  "check_results": null
}
